// !$*UTF8*$!
{
	archiveVersion = 1;
	classes = {
	};
	objectVersion = 44;
	objects = {

/* Begin PBXBuildFile section */
		6DD5A8B9152C332F00C69407 /* audioeffect.cpp in Sources */ = {isa = PBXBuildFile; fileRef = 6DD5A8AF152C332F00C69407 /* audioeffect.cpp */; };
		6DD5A8BA152C332F00C69407 /* audioeffectx.cpp in Sources */ = {isa = PBXBuildFile; fileRef = 6DD5A8B1152C332F00C69407 /* audioeffectx.cpp */; };
		6DD5A8BB152C332F00C69407 /* vstplugmain.cpp in Sources */ = {isa = PBXBuildFile; fileRef = 6DD5A8B3152C332F00C69407 /* vstplugmain.cpp */; };
		6DD5A8CB152C336200C69407 /* myplug.cpp in Sources */ = {isa = PBXBuildFile; fileRef = 6DD5A8BC152C336200C69407 /* myplug.cpp */; };
		6DD5A8CC152C336200C69407 /* fs.cpp in Sources */ = {isa = PBXBuildFile; fileRef = 6DD5A8BE152C336200C69407 /* fs.cpp */; };
		6DD5A8CD152C336200C69407 /* s2z.c in Sources */ = {isa = PBXBuildFile; fileRef = 6DD5A8C8152C336200C69407 /* s2z.c */; };
		6DD5A8CE152C336200C69407 /* param.cpp in Sources */ = {isa = PBXBuildFile; fileRef = 6DD5A8C9152C336200C69407 /* param.cpp */; };
/* End PBXBuildFile section */

/* Begin PBXFileReference section */
		6DD5A8AE152C332F00C69407 /* aeffeditor.h */ = {isa = PBXFileReference; fileEncoding = 8; lastKnownFileType = sourcecode.c.h; path = aeffeditor.h; sourceTree = "<group>"; };
		6DD5A8AF152C332F00C69407 /* audioeffect.cpp */ = {isa = PBXFileReference; fileEncoding = 8; lastKnownFileType = sourcecode.cpp.cpp; path = audioeffect.cpp; sourceTree = "<group>"; };
		6DD5A8B0152C332F00C69407 /* audioeffect.h */ = {isa = PBXFileReference; fileEncoding = 8; lastKnownFileType = sourcecode.c.h; path = audioeffect.h; sourceTree = "<group>"; };
		6DD5A8B1152C332F00C69407 /* audioeffectx.cpp */ = {isa = PBXFileReference; fileEncoding = 8; lastKnownFileType = sourcecode.cpp.cpp; path = audioeffectx.cpp; sourceTree = "<group>"; };
		6DD5A8B2152C332F00C69407 /* audioeffectx.h */ = {isa = PBXFileReference; fileEncoding = 8; lastKnownFileType = sourcecode.c.h; path = audioeffectx.h; sourceTree = "<group>"; };
		6DD5A8B3152C332F00C69407 /* vstplugmain.cpp */ = {isa = PBXFileReference; fileEncoding = 8; lastKnownFileType = sourcecode.cpp.cpp; path = vstplugmain.cpp; sourceTree = "<group>"; };
		6DD5A8B6152C332F00C69407 /* aeffect.h */ = {isa = PBXFileReference; fileEncoding = 8; lastKnownFileType = sourcecode.c.h; path = aeffect.h; sourceTree = "<group>"; };
		6DD5A8B7152C332F00C69407 /* aeffectx.h */ = {isa = PBXFileReference; fileEncoding = 8; lastKnownFileType = sourcecode.c.h; path = aeffectx.h; sourceTree = "<group>"; };
		6DD5A8B8152C332F00C69407 /* vstfxstore.h */ = {isa = PBXFileReference; fileEncoding = 8; lastKnownFileType = sourcecode.c.h; path = vstfxstore.h; sourceTree = "<group>"; };
		6DD5A8BC152C336200C69407 /* myplug.cpp */ = {isa = PBXFileReference; fileEncoding = 8; lastKnownFileType = sourcecode.cpp.cpp; path = myplug.cpp; sourceTree = "<group>"; };
		6DD5A8BD152C336200C69407 /* param.h */ = {isa = PBXFileReference; fileEncoding = 8; lastKnownFileType = sourcecode.c.h; path = param.h; sourceTree = "<group>"; };
		6DD5A8BE152C336200C69407 /* fs.cpp */ = {isa = PBXFileReference; fileEncoding = 8; lastKnownFileType = sourcecode.cpp.cpp; path = fs.cpp; sourceTree = "<group>"; };
		6DD5A8BF152C336200C69407 /* freq.h */ = {isa = PBXFileReference; fileEncoding = 8; lastKnownFileType = sourcecode.c.h; path = freq.h; sourceTree = "<group>"; };
		6DD5A8C0152C336200C69407 /* myplug.h */ = {isa = PBXFileReference; fileEncoding = 8; lastKnownFileType = sourcecode.c.h; path = myplug.h; sourceTree = "<group>"; };
		6DD5A8C1152C336200C69407 /* bfilter.h */ = {isa = PBXFileReference; fileEncoding = 8; lastKnownFileType = sourcecode.c.h; path = bfilter.h; sourceTree = "<group>"; };
		6DD5A8C2152C336200C69407 /* bpitch_shift.h */ = {isa = PBXFileReference; fileEncoding = 8; lastKnownFileType = sourcecode.c.h; path = bpitch_shift.h; sourceTree = "<group>"; };
		6DD5A8C3152C336200C69407 /* ringbuff.h */ = {isa = PBXFileReference; fileEncoding = 8; lastKnownFileType = sourcecode.c.h; path = ringbuff.h; sourceTree = "<group>"; };
		6DD5A8C4152C336200C69407 /* vst_param.h */ = {isa = PBXFileReference; fileEncoding = 8; lastKnownFileType = sourcecode.c.h; path = vst_param.h; sourceTree = "<group>"; };
		6DD5A8C5152C336200C69407 /* benv.h */ = {isa = PBXFileReference; fileEncoding = 8; lastKnownFileType = sourcecode.c.h; path = benv.h; sourceTree = "<group>"; };
		6DD5A8C6152C336200C69407 /* bosc.h */ = {isa = PBXFileReference; fileEncoding = 8; lastKnownFileType = sourcecode.c.h; path = bosc.h; sourceTree = "<group>"; };
		6DD5A8C7152C336200C69407 /* fs.h */ = {isa = PBXFileReference; fileEncoding = 8; lastKnownFileType = sourcecode.c.h; path = fs.h; sourceTree = "<group>"; };
		6DD5A8C8152C336200C69407 /* s2z.c */ = {isa = PBXFileReference; fileEncoding = 8; lastKnownFileType = sourcecode.c.c; path = s2z.c; sourceTree = "<group>"; };
		6DD5A8C9152C336200C69407 /* param.cpp */ = {isa = PBXFileReference; fileEncoding = 8; lastKnownFileType = sourcecode.cpp.cpp; path = param.cpp; sourceTree = "<group>"; };
		6DD5A8CA152C336200C69407 /* s2z.h */ = {isa = PBXFileReference; fileEncoding = 8; lastKnownFileType = sourcecode.c.h; path = s2z.h; sourceTree = "<group>"; };
		8D5B49B6048680CD000E48DA /* multiband.vst */ = {isa = PBXFileReference; explicitFileType = wrapper.cfbundle; includeInIndex = 0; path = multiband.vst; sourceTree = BUILT_PRODUCTS_DIR; };
		8D5B49B7048680CD000E48DA /* Info.plist */ = {isa = PBXFileReference; fileEncoding = 4; lastKnownFileType = text.plist.xml; path = Info.plist; sourceTree = "<group>"; };
/* End PBXFileReference section */

/* Begin PBXFrameworksBuildPhase section */
		8D5B49B3048680CD000E48DA /* Frameworks */ = {
			isa = PBXFrameworksBuildPhase;
			buildActionMask = 2147483647;
			files = (
			);
			runOnlyForDeploymentPostprocessing = 0;
		};
/* End PBXFrameworksBuildPhase section */

/* Begin PBXGroup section */
		089C166AFE841209C02AAC07 /* multiband */ = {
			isa = PBXGroup;
			children = (
				6DD5A8A6152C330D00C69407 /* Sources */,
				08FB77AFFE84173DC02AAC07 /* Classes */,
				089C167CFE841241C02AAC07 /* Resources */,
				089C1671FE841209C02AAC07 /* Frameworks and Libraries */,
				19C28FB8FE9D52D311CA2CBB /* Products */,
			);
			name = multiband;
			sourceTree = "<group>";
		};
		089C1671FE841209C02AAC07 /* Frameworks and Libraries */ = {
			isa = PBXGroup;
			children = (
			);
			name = "Frameworks and Libraries";
			sourceTree = "<group>";
		};
		089C167CFE841241C02AAC07 /* Resources */ = {
			isa = PBXGroup;
			children = (
				8D5B49B7048680CD000E48DA /* Info.plist */,
			);
			name = Resources;
			sourceTree = "<group>";
		};
		08FB77AFFE84173DC02AAC07 /* Classes */ = {
			isa = PBXGroup;
			children = (
			);
			name = Classes;
			sourceTree = "<group>";
		};
		19C28FB8FE9D52D311CA2CBB /* Products */ = {
			isa = PBXGroup;
			children = (
				8D5B49B6048680CD000E48DA /* multiband.vst */,
			);
			name = Products;
			sourceTree = "<group>";
		};
		6DD5A8A6152C330D00C69407 /* Sources */ = {
			isa = PBXGroup;
			children = (
				6DD5A8BC152C336200C69407 /* myplug.cpp */,
				6DD5A8BD152C336200C69407 /* param.h */,
				6DD5A8BE152C336200C69407 /* fs.cpp */,
				6DD5A8BF152C336200C69407 /* freq.h */,
				6DD5A8C0152C336200C69407 /* myplug.h */,
				6DD5A8C1152C336200C69407 /* bfilter.h */,
				6DD5A8C2152C336200C69407 /* bpitch_shift.h */,
				6DD5A8C3152C336200C69407 /* ringbuff.h */,
				6DD5A8C4152C336200C69407 /* vst_param.h */,
				6DD5A8C5152C336200C69407 /* benv.h */,
				6DD5A8C6152C336200C69407 /* bosc.h */,
				6DD5A8C7152C336200C69407 /* fs.h */,
				6DD5A8C8152C336200C69407 /* s2z.c */,
				6DD5A8C9152C336200C69407 /* param.cpp */,
				6DD5A8CA152C336200C69407 /* s2z.h */,
				6DD5A8AB152C332F00C69407 /* public.sdk */,
				6DD5A8B4152C332F00C69407 /* pluginterfaces */,
			);
			name = Sources;
			sourceTree = "<group>";
		};
		6DD5A8AB152C332F00C69407 /* public.sdk */ = {
			isa = PBXGroup;
			children = (
				6DD5A8AC152C332F00C69407 /* source */,
			);
			path = public.sdk;
			sourceTree = "<group>";
		};
		6DD5A8AC152C332F00C69407 /* source */ = {
			isa = PBXGroup;
			children = (
				6DD5A8AD152C332F00C69407 /* vst2.x */,
			);
			path = source;
			sourceTree = "<group>";
		};
		6DD5A8AD152C332F00C69407 /* vst2.x */ = {
			isa = PBXGroup;
			children = (
				6DD5A8AE152C332F00C69407 /* aeffeditor.h */,
				6DD5A8AF152C332F00C69407 /* audioeffect.cpp */,
				6DD5A8B0152C332F00C69407 /* audioeffect.h */,
				6DD5A8B1152C332F00C69407 /* audioeffectx.cpp */,
				6DD5A8B2152C332F00C69407 /* audioeffectx.h */,
				6DD5A8B3152C332F00C69407 /* vstplugmain.cpp */,
			);
			path = vst2.x;
			sourceTree = "<group>";
		};
		6DD5A8B4152C332F00C69407 /* pluginterfaces */ = {
			isa = PBXGroup;
			children = (
				6DD5A8B5152C332F00C69407 /* vst2.x */,
			);
			path = pluginterfaces;
			sourceTree = "<group>";
		};
		6DD5A8B5152C332F00C69407 /* vst2.x */ = {
			isa = PBXGroup;
			children = (
				6DD5A8B6152C332F00C69407 /* aeffect.h */,
				6DD5A8B7152C332F00C69407 /* aeffectx.h */,
				6DD5A8B8152C332F00C69407 /* vstfxstore.h */,
			);
			path = vst2.x;
			sourceTree = "<group>";
		};
/* End PBXGroup section */

/* Begin PBXNativeTarget section */
		8D5B49AC048680CD000E48DA /* multiband */ = {
			isa = PBXNativeTarget;
			buildConfigurationList = 1DEB913A08733D840010E9CD /* Build configuration list for PBXNativeTarget "multiband" */;
			buildPhases = (
				8D5B49AF048680CD000E48DA /* Resources */,
				8D5B49B1048680CD000E48DA /* Sources */,
				8D5B49B3048680CD000E48DA /* Frameworks */,
			);
			buildRules = (
			);
			dependencies = (
			);
			name = multiband;
			productInstallPath = "$(HOME)/Library/Bundles";
			productName = multiband;
			productReference = 8D5B49B6048680CD000E48DA /* multiband.vst */;
			productType = "com.apple.product-type.bundle";
		};
/* End PBXNativeTarget section */

/* Begin PBXProject section */
		089C1669FE841209C02AAC07 /* Project object */ = {
			isa = PBXProject;
			buildConfigurationList = 1DEB913E08733D840010E9CD /* Build configuration list for PBXProject "multiband" */;
			compatibilityVersion = "Xcode 3.0";
			developmentRegion = English;
			hasScannedForEncodings = 1;
			knownRegions = (
				en,
			);
			mainGroup = 089C166AFE841209C02AAC07 /* multiband */;
			projectDirPath = "";
			projectRoot = "";
			targets = (
				8D5B49AC048680CD000E48DA /* multiband */,
			);
		};
/* End PBXProject section */

/* Begin PBXResourcesBuildPhase section */
		8D5B49AF048680CD000E48DA /* Resources */ = {
			isa = PBXResourcesBuildPhase;
			buildActionMask = 2147483647;
			files = (
			);
			runOnlyForDeploymentPostprocessing = 0;
		};
/* End PBXResourcesBuildPhase section */

/* Begin PBXSourcesBuildPhase section */
		8D5B49B1048680CD000E48DA /* Sources */ = {
			isa = PBXSourcesBuildPhase;
			buildActionMask = 2147483647;
			files = (
				6DD5A8B9152C332F00C69407 /* audioeffect.cpp in Sources */,
				6DD5A8BA152C332F00C69407 /* audioeffectx.cpp in Sources */,
				6DD5A8BB152C332F00C69407 /* vstplugmain.cpp in Sources */,
				6DD5A8CB152C336200C69407 /* myplug.cpp in Sources */,
				6DD5A8CC152C336200C69407 /* fs.cpp in Sources */,
				6DD5A8CD152C336200C69407 /* s2z.c in Sources */,
				6DD5A8CE152C336200C69407 /* param.cpp in Sources */,
			);
			runOnlyForDeploymentPostprocessing = 0;
		};
/* End PBXSourcesBuildPhase section */

/* Begin XCBuildConfiguration section */
		1DEB913B08733D840010E9CD /* Debug */ = {
			isa = XCBuildConfiguration;
			buildSettings = {
				ARCHS = "$(ONLY_ACTIVE_ARCH_PRE_XCODE_3_1)";
				COPY_PHASE_STRIP = YES;
				DEBUG_INFORMATION_FORMAT = dwarf;
				GCC_DYNAMIC_NO_PIC = NO;
				GCC_ENABLE_FIX_AND_CONTINUE = YES;
				GCC_MODEL_TUNING = G5;
				GCC_OPTIMIZATION_LEVEL = 0;
				GCC_PRECOMPILE_PREFIX_HEADER = NO;
				GCC_PREFIX_HEADER = "";
				GCC_VERSION = com.apple.compilers.llvmgcc42;
				GENERATE_PKGINFO_FILE = YES;
				HEADER_SEARCH_PATHS = "$(SRCROOT)";
				INFOPLIST_FILE = Info.plist;
				INSTALL_PATH = "$(HOME)/Library/Bundles";
				ONLY_ACTIVE_ARCH_PRE_XCODE_3_1 = "$(NATIVE_ARCH)";
				PRODUCT_NAME = multiband;
				SDKROOT = macosx10.6;
				WRAPPER_EXTENSION = vst;
				ZERO_LINK = YES;
			};
			name = Debug;
		};
		1DEB913C08733D840010E9CD /* Release */ = {
			isa = XCBuildConfiguration;
			buildSettings = {
				ARCHS = "$(ONLY_ACTIVE_ARCH_PRE_XCODE_3_1)";
				COPY_PHASE_STRIP = YES;
				DEBUG_INFORMATION_FORMAT = dwarf;
				GCC_MODEL_TUNING = G5;
				GCC_PRECOMPILE_PREFIX_HEADER = NO;
				GCC_PREFIX_HEADER = "";
				GCC_VERSION = com.apple.compilers.llvmgcc42;
				GENERATE_PKGINFO_FILE = YES;
				HEADER_SEARCH_PATHS = "$(SRCROOT)";
				INFOPLIST_FILE = Info.plist;
				INSTALL_PATH = "$(HOME)/Library/Bundles";
				ONLY_ACTIVE_ARCH_PRE_XCODE_3_1 = "$(NATIVE_ARCH)";
				PRODUCT_NAME = multiband;
				SDKROOT = macosx10.6;
				WRAPPER_EXTENSION = vst;
			};
			name = Release;
		};
		1DEB913F08733D840010E9CD /* Debug */ = {
			isa = XCBuildConfiguration;
			buildSettings = {
				GCC_WARN_ABOUT_RETURN_TYPE = YES;
				GCC_WARN_UNUSED_VARIABLE = YES;
				PREBINDING = NO;
				SDKROOT = "$(DEVELOPER_SDK_DIR)/MacOSX10.5.sdk";
			};
			name = Debug;
		};
		1DEB914008733D840010E9CD /* Release */ = {
			isa = XCBuildConfiguration;
			buildSettings = {
				ARCHS = (
					ppc,
					i386,
				);
				GCC_WARN_ABOUT_RETURN_TYPE = YES;
				GCC_WARN_UNUSED_VARIABLE = YES;
				PREBINDING = NO;
				SDKROOT = "$(DEVELOPER_SDK_DIR)/MacOSX10.5.sdk";
			};
			name = Release;
		};
/* End XCBuildConfiguration section */

/* Begin XCConfigurationList section */
		1DEB913A08733D840010E9CD /* Build configuration list for PBXNativeTarget "multiband" */ = {
			isa = XCConfigurationList;
			buildConfigurations = (
				1DEB913B08733D840010E9CD /* Debug */,
				1DEB913C08733D840010E9CD /* Release */,
			);
			defaultConfigurationIsVisible = 0;
			defaultConfigurationName = Release;
		};
		1DEB913E08733D840010E9CD /* Build configuration list for PBXProject "multiband" */ = {
			isa = XCConfigurationList;
			buildConfigurations = (
				1DEB913F08733D840010E9CD /* Debug */,
				1DEB914008733D840010E9CD /* Release */,
			);
			defaultConfigurationIsVisible = 0;
			defaultConfigurationName = Release;
		};
/* End XCConfigurationList section */
	};
	rootObject = 089C1669FE841209C02AAC07 /* Project object */;
}
