// !$*UTF8*$!
{
	archiveVersion = 1;
	classes = {
	};
	objectVersion = 44;
	objects = {

/* Begin PBXBuildFile section */
		6DC2F73F152D673F00466947 /* again.cpp in Sources */ = {isa = PBXBuildFile; fileRef = 6DC2F73E152D673F00466947 /* again.cpp */; };
		6DC2F74E152D674800466947 /* audioeffect.cpp in Sources */ = {isa = PBXBuildFile; fileRef = 6DC2F744152D674800466947 /* audioeffect.cpp */; };
		6DC2F74F152D674800466947 /* audioeffectx.cpp in Sources */ = {isa = PBXBuildFile; fileRef = 6DC2F746152D674800466947 /* audioeffectx.cpp */; };
		6DC2F750152D674800466947 /* vstplugmain.cpp in Sources */ = {isa = PBXBuildFile; fileRef = 6DC2F74D152D674800466947 /* vstplugmain.cpp */; };
/* End PBXBuildFile section */

/* Begin PBXFileReference section */
		508817D409F0C9AD0071BF1A /* again.vst */ = {isa = PBXFileReference; explicitFileType = wrapper.cfbundle; includeInIndex = 0; path = again.vst; sourceTree = BUILT_PRODUCTS_DIR; };
		508817D609F0C9AD0071BF1A /* Info.plist */ = {isa = PBXFileReference; explicitFileType = text.plist.xml; path = Info.plist; sourceTree = "<group>"; };
		6DC2F73E152D673F00466947 /* again.cpp */ = {isa = PBXFileReference; fileEncoding = 8; lastKnownFileType = sourcecode.cpp.cpp; path = again.cpp; sourceTree = "<group>"; };
		6DC2F743152D674800466947 /* aeffeditor.h */ = {isa = PBXFileReference; fileEncoding = 8; lastKnownFileType = sourcecode.c.h; path = aeffeditor.h; sourceTree = "<group>"; };
		6DC2F744152D674800466947 /* audioeffect.cpp */ = {isa = PBXFileReference; fileEncoding = 8; lastKnownFileType = sourcecode.cpp.cpp; path = audioeffect.cpp; sourceTree = "<group>"; };
		6DC2F745152D674800466947 /* audioeffect.h */ = {isa = PBXFileReference; fileEncoding = 8; lastKnownFileType = sourcecode.c.h; path = audioeffect.h; sourceTree = "<group>"; };
		6DC2F746152D674800466947 /* audioeffectx.cpp */ = {isa = PBXFileReference; fileEncoding = 8; lastKnownFileType = sourcecode.cpp.cpp; path = audioeffectx.cpp; sourceTree = "<group>"; };
		6DC2F747152D674800466947 /* audioeffectx.h */ = {isa = PBXFileReference; fileEncoding = 8; lastKnownFileType = sourcecode.c.h; path = audioeffectx.h; sourceTree = "<group>"; };
		6DC2F74A152D674800466947 /* aeffect.h */ = {isa = PBXFileReference; fileEncoding = 8; lastKnownFileType = sourcecode.c.h; path = aeffect.h; sourceTree = "<group>"; };
		6DC2F74B152D674800466947 /* aeffectx.h */ = {isa = PBXFileReference; fileEncoding = 8; lastKnownFileType = sourcecode.c.h; path = aeffectx.h; sourceTree = "<group>"; };
		6DC2F74C152D674800466947 /* vstfxstore.h */ = {isa = PBXFileReference; fileEncoding = 8; lastKnownFileType = sourcecode.c.h; path = vstfxstore.h; sourceTree = "<group>"; };
		6DC2F74D152D674800466947 /* vstplugmain.cpp */ = {isa = PBXFileReference; fileEncoding = 8; lastKnownFileType = sourcecode.cpp.cpp; path = vstplugmain.cpp; sourceTree = "<group>"; };
		6DC2F75B152D67E600466947 /* again.h */ = {isa = PBXFileReference; fileEncoding = 8; lastKnownFileType = sourcecode.c.h; path = again.h; sourceTree = "<group>"; };
/* End PBXFileReference section */

/* Begin PBXFrameworksBuildPhase section */
		508817D209F0C9AD0071BF1A /* Frameworks */ = {
			isa = PBXFrameworksBuildPhase;
			buildActionMask = 2147483647;
			files = (
			);
			runOnlyForDeploymentPostprocessing = 0;
		};
/* End PBXFrameworksBuildPhase section */

/* Begin PBXGroup section */
		508817C209F0C9740071BF1A = {
			isa = PBXGroup;
			children = (
				508817E509F0C9EF0071BF1A /* Configuration Files */,
				508817D609F0C9AD0071BF1A /* Info.plist */,
				508817F509F0CAB50071BF1A /* Sources */,
				5088180609F0CDD00071BF1A /* External Frameworks and Libraries */,
				508817D509F0C9AD0071BF1A /* Products */,
			);
			sourceTree = "<group>";
		};
		508817D509F0C9AD0071BF1A /* Products */ = {
			isa = PBXGroup;
			children = (
				508817D409F0C9AD0071BF1A /* again.vst */,
			);
			name = Products;
			sourceTree = "<group>";
		};
		508817E509F0C9EF0071BF1A /* Configuration Files */ = {
			isa = PBXGroup;
			children = (
			);
			name = "Configuration Files";
			sourceTree = "<group>";
		};
		508817F509F0CAB50071BF1A /* Sources */ = {
			isa = PBXGroup;
			children = (
				6DC2F73E152D673F00466947 /* again.cpp */,
				6DC2F75B152D67E600466947 /* again.h */,
				6DC2F740152D674800466947 /* public.sdk */,
			);
			name = Sources;
			sourceTree = "<group>";
		};
		5088180609F0CDD00071BF1A /* External Frameworks and Libraries */ = {
			isa = PBXGroup;
			children = (
			);
			name = "External Frameworks and Libraries";
			sourceTree = "<group>";
		};
		6DC2F740152D674800466947 /* public.sdk */ = {
			isa = PBXGroup;
			children = (
				6DC2F741152D674800466947 /* source */,
			);
			path = public.sdk;
			sourceTree = "<group>";
		};
		6DC2F741152D674800466947 /* source */ = {
			isa = PBXGroup;
			children = (
				6DC2F742152D674800466947 /* vst2.x */,
			);
			path = source;
			sourceTree = "<group>";
		};
		6DC2F742152D674800466947 /* vst2.x */ = {
			isa = PBXGroup;
			children = (
				6DC2F743152D674800466947 /* aeffeditor.h */,
				6DC2F744152D674800466947 /* audioeffect.cpp */,
				6DC2F745152D674800466947 /* audioeffect.h */,
				6DC2F746152D674800466947 /* audioeffectx.cpp */,
				6DC2F747152D674800466947 /* audioeffectx.h */,
				6DC2F748152D674800466947 /* pluginterfaces */,
				6DC2F74D152D674800466947 /* vstplugmain.cpp */,
			);
			path = vst2.x;
			sourceTree = "<group>";
		};
		6DC2F748152D674800466947 /* pluginterfaces */ = {
			isa = PBXGroup;
			children = (
				6DC2F749152D674800466947 /* vst2.x */,
			);
			path = pluginterfaces;
			sourceTree = "<group>";
		};
		6DC2F749152D674800466947 /* vst2.x */ = {
			isa = PBXGroup;
			children = (
				6DC2F74A152D674800466947 /* aeffect.h */,
				6DC2F74B152D674800466947 /* aeffectx.h */,
				6DC2F74C152D674800466947 /* vstfxstore.h */,
			);
			path = vst2.x;
			sourceTree = "<group>";
		};
/* End PBXGroup section */

/* Begin PBXNativeTarget section */
		508817D309F0C9AD0071BF1A /* again */ = {
			isa = PBXNativeTarget;
			buildConfigurationList = 508817D709F0C9AE0071BF1A /* Build configuration list for PBXNativeTarget "again" */;
			buildPhases = (
				508817D009F0C9AD0071BF1A /* Resources */,
				508817D109F0C9AD0071BF1A /* Sources */,
				508817D209F0C9AD0071BF1A /* Frameworks */,
			);
			buildRules = (
			);
			dependencies = (
			);
			name = again;
			productName = again;
			productReference = 508817D409F0C9AD0071BF1A /* again.vst */;
			productType = "com.apple.product-type.bundle";
		};
/* End PBXNativeTarget section */

/* Begin PBXProject section */
		508817C409F0C9740071BF1A /* Project object */ = {
			isa = PBXProject;
			buildConfigurationList = 508817C509F0C9740071BF1A /* Build configuration list for PBXProject "again" */;
			compatibilityVersion = "Xcode 3.0";
			hasScannedForEncodings = 0;
			mainGroup = 508817C209F0C9740071BF1A;
			productRefGroup = 508817D509F0C9AD0071BF1A /* Products */;
			projectDirPath = "";
			projectRoot = "";
			targets = (
				508817D309F0C9AD0071BF1A /* again */,
			);
		};
/* End PBXProject section */

/* Begin PBXResourcesBuildPhase section */
		508817D009F0C9AD0071BF1A /* Resources */ = {
			isa = PBXResourcesBuildPhase;
			buildActionMask = 2147483647;
			files = (
			);
			runOnlyForDeploymentPostprocessing = 0;
		};
/* End PBXResourcesBuildPhase section */

/* Begin PBXSourcesBuildPhase section */
		508817D109F0C9AD0071BF1A /* Sources */ = {
			isa = PBXSourcesBuildPhase;
			buildActionMask = 2147483647;
			files = (
				6DC2F73F152D673F00466947 /* again.cpp in Sources */,
				6DC2F74E152D674800466947 /* audioeffect.cpp in Sources */,
				6DC2F74F152D674800466947 /* audioeffectx.cpp in Sources */,
				6DC2F750152D674800466947 /* vstplugmain.cpp in Sources */,
			);
			runOnlyForDeploymentPostprocessing = 0;
		};
/* End PBXSourcesBuildPhase section */

/* Begin XCBuildConfiguration section */
		508817C609F0C9740071BF1A /* Debug */ = {
			isa = XCBuildConfiguration;
			buildSettings = {
				GCC_WARN_ABOUT_RETURN_TYPE = YES;
				GCC_WARN_UNUSED_VARIABLE = YES;
				PREBINDING = NO;
				SDKROOT = "$(DEVELOPER_SDK_DIR)/MacOSX10.5.sdk";
			};
			name = Debug;
		};
		508817C709F0C9740071BF1A /* Release */ = {
			isa = XCBuildConfiguration;
			buildSettings = {
				ARCHS = (
					ppc,
					i386,
				);
				GCC_WARN_ABOUT_RETURN_TYPE = YES;
				GCC_WARN_UNUSED_VARIABLE = YES;
				PREBINDING = NO;
				SDKROOT = "$(DEVELOPER_SDK_DIR)/MacOSX10.5.sdk";
			};
			name = Release;
		};
		508817D809F0C9AE0071BF1A /* Debug */ = {
			isa = XCBuildConfiguration;
			buildSettings = {
				COPY_PHASE_STRIP = NO;
				GCC_DYNAMIC_NO_PIC = NO;
				GCC_ENABLE_FIX_AND_CONTINUE = YES;
				GCC_MODEL_TUNING = G5;
				GCC_OPTIMIZATION_LEVEL = 0;
				GCC_PRECOMPILE_PREFIX_HEADER = YES;
				GCC_PREFIX_HEADER = again_Prefix.pch;
				GCC_PREPROCESSOR_DEFINITIONS = (
					"_GLIBCXX_DEBUG=1",
					"_GLIBCXX_DEBUG_PEDANTIC=1",
				);
				INFOPLIST_FILE = Info.plist;
				STANDARD_C_PLUS_PLUS_LIBRARY_TYPE = static;
				ZERO_LINK = YES;
			};
			name = Debug;
		};
		508817D909F0C9AE0071BF1A /* Release */ = {
			isa = XCBuildConfiguration;
			buildSettings = {
				DEBUG_INFORMATION_FORMAT = "dwarf-with-dsym";
				GCC_MODEL_TUNING = G5;
				GCC_PRECOMPILE_PREFIX_HEADER = NO;
				GCC_PREFIX_HEADER = "";
				GENERATE_PKGINFO_FILE = YES;
				INFOPLIST_FILE = Info.plist;
				PRODUCT_NAME = again;
				STANDARD_C_PLUS_PLUS_LIBRARY_TYPE = static;
				STRIP_INSTALLED_PRODUCT = YES;
				STRIP_STYLE = "non-global";
				WRAPPER_EXTENSION = vst;
			};
			name = Release;
		};
/* End XCBuildConfiguration section */

/* Begin XCConfigurationList section */
		508817C509F0C9740071BF1A /* Build configuration list for PBXProject "again" */ = {
			isa = XCConfigurationList;
			buildConfigurations = (
				508817C609F0C9740071BF1A /* Debug */,
				508817C709F0C9740071BF1A /* Release */,
			);
			defaultConfigurationIsVisible = 0;
			defaultConfigurationName = Release;
		};
		508817D709F0C9AE0071BF1A /* Build configuration list for PBXNativeTarget "again" */ = {
			isa = XCConfigurationList;
			buildConfigurations = (
				508817D809F0C9AE0071BF1A /* Debug */,
				508817D909F0C9AE0071BF1A /* Release */,
			);
			defaultConfigurationIsVisible = 0;
			defaultConfigurationName = Release;
		};
/* End XCConfigurationList section */
	};
	rootObject = 508817C409F0C9740071BF1A /* Project object */;
}
