// !$*UTF8*$!
{
	archiveVersion = 1;
	classes = {
	};
	objectVersion = 44;
	objects = {

/* Begin PBXBuildFile section */
		6DA7A8A5152D642700D1DDD6 /* fs.cpp in Sources */ = {isa = PBXBuildFile; fileRef = 6DA7A89D152D642700D1DDD6 /* fs.cpp */; };
		6DA7A8A6152D642700D1DDD6 /* s2z.c in Sources */ = {isa = PBXBuildFile; fileRef = 6DA7A89E152D642700D1DDD6 /* s2z.c */; };
		6DA7A8A7152D642700D1DDD6 /* myplug.cpp in Sources */ = {isa = PBXBuildFile; fileRef = 6DA7A8A2152D642700D1DDD6 /* myplug.cpp */; };
		6DA7A8A8152D642700D1DDD6 /* param.cpp in Sources */ = {isa = PBXBuildFile; fileRef = 6DA7A8A3152D642700D1DDD6 /* param.cpp */; };
		6DA7A8BB152D644100D1DDD6 /* audioeffect.cpp in Sources */ = {isa = PBXBuildFile; fileRef = 6DA7A8B1152D644100D1DDD6 /* audioeffect.cpp */; };
		6DA7A8BC152D644100D1DDD6 /* audioeffectx.cpp in Sources */ = {isa = PBXBuildFile; fileRef = 6DA7A8B3152D644100D1DDD6 /* audioeffectx.cpp */; };
		6DA7A8BD152D644100D1DDD6 /* vstplugmain.cpp in Sources */ = {isa = PBXBuildFile; fileRef = 6DA7A8B5152D644100D1DDD6 /* vstplugmain.cpp */; };
/* End PBXBuildFile section */

/* Begin PBXFileReference section */
		508817D409F0C9AD0071BF1A /* aenv.vst */ = {isa = PBXFileReference; explicitFileType = wrapper.cfbundle; includeInIndex = 0; path = aenv.vst; sourceTree = BUILT_PRODUCTS_DIR; };
		508817D609F0C9AD0071BF1A /* Info.plist */ = {isa = PBXFileReference; explicitFileType = text.plist.xml; path = Info.plist; sourceTree = "<group>"; };
		6DA7A898152D642700D1DDD6 /* param.h */ = {isa = PBXFileReference; fileEncoding = 8; lastKnownFileType = sourcecode.c.h; path = param.h; sourceTree = "<group>"; };
		6DA7A899152D642700D1DDD6 /* ringbuff.h */ = {isa = PBXFileReference; fileEncoding = 8; lastKnownFileType = sourcecode.c.h; path = ringbuff.h; sourceTree = "<group>"; };
		6DA7A89A152D642700D1DDD6 /* bfilter.h */ = {isa = PBXFileReference; fileEncoding = 8; lastKnownFileType = sourcecode.c.h; path = bfilter.h; sourceTree = "<group>"; };
		6DA7A89B152D642700D1DDD6 /* s2z.h */ = {isa = PBXFileReference; fileEncoding = 8; lastKnownFileType = sourcecode.c.h; path = s2z.h; sourceTree = "<group>"; };
		6DA7A89C152D642700D1DDD6 /* benv.h */ = {isa = PBXFileReference; fileEncoding = 8; lastKnownFileType = sourcecode.c.h; path = benv.h; sourceTree = "<group>"; };
		6DA7A89D152D642700D1DDD6 /* fs.cpp */ = {isa = PBXFileReference; fileEncoding = 8; lastKnownFileType = sourcecode.cpp.cpp; path = fs.cpp; sourceTree = "<group>"; };
		6DA7A89E152D642700D1DDD6 /* s2z.c */ = {isa = PBXFileReference; fileEncoding = 8; lastKnownFileType = sourcecode.c.c; path = s2z.c; sourceTree = "<group>"; };
		6DA7A89F152D642700D1DDD6 /* vst_param.h */ = {isa = PBXFileReference; fileEncoding = 8; lastKnownFileType = sourcecode.c.h; path = vst_param.h; sourceTree = "<group>"; };
		6DA7A8A0152D642700D1DDD6 /* myplug.h */ = {isa = PBXFileReference; fileEncoding = 8; lastKnownFileType = sourcecode.c.h; path = myplug.h; sourceTree = "<group>"; };
		6DA7A8A1152D642700D1DDD6 /* fs.h */ = {isa = PBXFileReference; fileEncoding = 8; lastKnownFileType = sourcecode.c.h; path = fs.h; sourceTree = "<group>"; };
		6DA7A8A2152D642700D1DDD6 /* myplug.cpp */ = {isa = PBXFileReference; fileEncoding = 8; lastKnownFileType = sourcecode.cpp.cpp; path = myplug.cpp; sourceTree = "<group>"; };
		6DA7A8A3152D642700D1DDD6 /* param.cpp */ = {isa = PBXFileReference; fileEncoding = 8; lastKnownFileType = sourcecode.cpp.cpp; path = param.cpp; sourceTree = "<group>"; };
		6DA7A8A4152D642700D1DDD6 /* freq.h */ = {isa = PBXFileReference; fileEncoding = 8; lastKnownFileType = sourcecode.c.h; path = freq.h; sourceTree = "<group>"; };
		6DA7A8B0152D644100D1DDD6 /* aeffeditor.h */ = {isa = PBXFileReference; fileEncoding = 8; lastKnownFileType = sourcecode.c.h; path = aeffeditor.h; sourceTree = "<group>"; };
		6DA7A8B1152D644100D1DDD6 /* audioeffect.cpp */ = {isa = PBXFileReference; fileEncoding = 8; lastKnownFileType = sourcecode.cpp.cpp; path = audioeffect.cpp; sourceTree = "<group>"; };
		6DA7A8B2152D644100D1DDD6 /* audioeffect.h */ = {isa = PBXFileReference; fileEncoding = 8; lastKnownFileType = sourcecode.c.h; path = audioeffect.h; sourceTree = "<group>"; };
		6DA7A8B3152D644100D1DDD6 /* audioeffectx.cpp */ = {isa = PBXFileReference; fileEncoding = 8; lastKnownFileType = sourcecode.cpp.cpp; path = audioeffectx.cpp; sourceTree = "<group>"; };
		6DA7A8B4152D644100D1DDD6 /* audioeffectx.h */ = {isa = PBXFileReference; fileEncoding = 8; lastKnownFileType = sourcecode.c.h; path = audioeffectx.h; sourceTree = "<group>"; };
		6DA7A8B5152D644100D1DDD6 /* vstplugmain.cpp */ = {isa = PBXFileReference; fileEncoding = 8; lastKnownFileType = sourcecode.cpp.cpp; path = vstplugmain.cpp; sourceTree = "<group>"; };
		6DA7A8B8152D644100D1DDD6 /* aeffect.h */ = {isa = PBXFileReference; fileEncoding = 8; lastKnownFileType = sourcecode.c.h; path = aeffect.h; sourceTree = "<group>"; };
		6DA7A8B9152D644100D1DDD6 /* aeffectx.h */ = {isa = PBXFileReference; fileEncoding = 8; lastKnownFileType = sourcecode.c.h; path = aeffectx.h; sourceTree = "<group>"; };
		6DA7A8BA152D644100D1DDD6 /* vstfxstore.h */ = {isa = PBXFileReference; fileEncoding = 8; lastKnownFileType = sourcecode.c.h; path = vstfxstore.h; sourceTree = "<group>"; };
/* End PBXFileReference section */

/* Begin PBXFrameworksBuildPhase section */
		508817D209F0C9AD0071BF1A /* Frameworks */ = {
			isa = PBXFrameworksBuildPhase;
			buildActionMask = 2147483647;
			files = (
			);
			runOnlyForDeploymentPostprocessing = 0;
		};
/* End PBXFrameworksBuildPhase section */

/* Begin PBXGroup section */
		508817C209F0C9740071BF1A = {
			isa = PBXGroup;
			children = (
				508817E509F0C9EF0071BF1A /* Configuration Files */,
				508817D609F0C9AD0071BF1A /* Info.plist */,
				508817F509F0CAB50071BF1A /* Sources */,
				5088180609F0CDD00071BF1A /* External Frameworks and Libraries */,
				508817D509F0C9AD0071BF1A /* Products */,
			);
			sourceTree = "<group>";
		};
		508817D509F0C9AD0071BF1A /* Products */ = {
			isa = PBXGroup;
			children = (
				508817D409F0C9AD0071BF1A /* aenv.vst */,
			);
			name = Products;
			sourceTree = "<group>";
		};
		508817E509F0C9EF0071BF1A /* Configuration Files */ = {
			isa = PBXGroup;
			children = (
			);
			name = "Configuration Files";
			sourceTree = "<group>";
		};
		508817F509F0CAB50071BF1A /* Sources */ = {
			isa = PBXGroup;
			children = (
				6DA7A898152D642700D1DDD6 /* param.h */,
				6DA7A899152D642700D1DDD6 /* ringbuff.h */,
				6DA7A89A152D642700D1DDD6 /* bfilter.h */,
				6DA7A89B152D642700D1DDD6 /* s2z.h */,
				6DA7A89C152D642700D1DDD6 /* benv.h */,
				6DA7A89D152D642700D1DDD6 /* fs.cpp */,
				6DA7A89E152D642700D1DDD6 /* s2z.c */,
				6DA7A89F152D642700D1DDD6 /* vst_param.h */,
				6DA7A8A0152D642700D1DDD6 /* myplug.h */,
				6DA7A8A1152D642700D1DDD6 /* fs.h */,
				6DA7A8A2152D642700D1DDD6 /* myplug.cpp */,
				6DA7A8A3152D642700D1DDD6 /* param.cpp */,
				6DA7A8A4152D642700D1DDD6 /* freq.h */,
				6DA7A8A9152D643000D1DDD6 /* VST SDK */,
			);
			name = Sources;
			sourceTree = "<group>";
		};
		5088180609F0CDD00071BF1A /* External Frameworks and Libraries */ = {
			isa = PBXGroup;
			children = (
			);
			name = "External Frameworks and Libraries";
			sourceTree = "<group>";
		};
		6DA7A8A9152D643000D1DDD6 /* VST SDK */ = {
			isa = PBXGroup;
			children = (
				6DA7A8AD152D644100D1DDD6 /* public.sdk */,
				6DA7A8B6152D644100D1DDD6 /* pluginterfaces */,
			);
			name = "VST SDK";
			sourceTree = "<group>";
		};
		6DA7A8AD152D644100D1DDD6 /* public.sdk */ = {
			isa = PBXGroup;
			children = (
				6DA7A8AE152D644100D1DDD6 /* source */,
			);
			path = public.sdk;
			sourceTree = "<group>";
		};
		6DA7A8AE152D644100D1DDD6 /* source */ = {
			isa = PBXGroup;
			children = (
				6DA7A8AF152D644100D1DDD6 /* vst2.x */,
			);
			path = source;
			sourceTree = "<group>";
		};
		6DA7A8AF152D644100D1DDD6 /* vst2.x */ = {
			isa = PBXGroup;
			children = (
				6DA7A8B0152D644100D1DDD6 /* aeffeditor.h */,
				6DA7A8B1152D644100D1DDD6 /* audioeffect.cpp */,
				6DA7A8B2152D644100D1DDD6 /* audioeffect.h */,
				6DA7A8B3152D644100D1DDD6 /* audioeffectx.cpp */,
				6DA7A8B4152D644100D1DDD6 /* audioeffectx.h */,
				6DA7A8B5152D644100D1DDD6 /* vstplugmain.cpp */,
			);
			path = vst2.x;
			sourceTree = "<group>";
		};
		6DA7A8B6152D644100D1DDD6 /* pluginterfaces */ = {
			isa = PBXGroup;
			children = (
				6DA7A8B7152D644100D1DDD6 /* vst2.x */,
			);
			path = pluginterfaces;
			sourceTree = "<group>";
		};
		6DA7A8B7152D644100D1DDD6 /* vst2.x */ = {
			isa = PBXGroup;
			children = (
				6DA7A8B8152D644100D1DDD6 /* aeffect.h */,
				6DA7A8B9152D644100D1DDD6 /* aeffectx.h */,
				6DA7A8BA152D644100D1DDD6 /* vstfxstore.h */,
			);
			path = vst2.x;
			sourceTree = "<group>";
		};
/* End PBXGroup section */

/* Begin PBXNativeTarget section */
		508817D309F0C9AD0071BF1A /* aenv */ = {
			isa = PBXNativeTarget;
			buildConfigurationList = 508817D709F0C9AE0071BF1A /* Build configuration list for PBXNativeTarget "aenv" */;
			buildPhases = (
				508817D009F0C9AD0071BF1A /* Resources */,
				508817D109F0C9AD0071BF1A /* Sources */,
				508817D209F0C9AD0071BF1A /* Frameworks */,
			);
			buildRules = (
			);
			dependencies = (
			);
			name = aenv;
			productName = aenv;
			productReference = 508817D409F0C9AD0071BF1A /* aenv.vst */;
			productType = "com.apple.product-type.bundle";
		};
/* End PBXNativeTarget section */

/* Begin PBXProject section */
		508817C409F0C9740071BF1A /* Project object */ = {
			isa = PBXProject;
			buildConfigurationList = 508817C509F0C9740071BF1A /* Build configuration list for PBXProject "aenv" */;
			compatibilityVersion = "Xcode 3.0";
			developmentRegion = English;
			hasScannedForEncodings = 0;
			knownRegions = (
				en,
			);
			mainGroup = 508817C209F0C9740071BF1A;
			productRefGroup = 508817D509F0C9AD0071BF1A /* Products */;
			projectDirPath = "";
			projectRoot = "";
			targets = (
				508817D309F0C9AD0071BF1A /* aenv */,
			);
		};
/* End PBXProject section */

/* Begin PBXResourcesBuildPhase section */
		508817D009F0C9AD0071BF1A /* Resources */ = {
			isa = PBXResourcesBuildPhase;
			buildActionMask = 2147483647;
			files = (
			);
			runOnlyForDeploymentPostprocessing = 0;
		};
/* End PBXResourcesBuildPhase section */

/* Begin PBXSourcesBuildPhase section */
		508817D109F0C9AD0071BF1A /* Sources */ = {
			isa = PBXSourcesBuildPhase;
			buildActionMask = 2147483647;
			files = (
				6DA7A8A5152D642700D1DDD6 /* fs.cpp in Sources */,
				6DA7A8A6152D642700D1DDD6 /* s2z.c in Sources */,
				6DA7A8A7152D642700D1DDD6 /* myplug.cpp in Sources */,
				6DA7A8A8152D642700D1DDD6 /* param.cpp in Sources */,
				6DA7A8BB152D644100D1DDD6 /* audioeffect.cpp in Sources */,
				6DA7A8BC152D644100D1DDD6 /* audioeffectx.cpp in Sources */,
				6DA7A8BD152D644100D1DDD6 /* vstplugmain.cpp in Sources */,
			);
			runOnlyForDeploymentPostprocessing = 0;
		};
/* End PBXSourcesBuildPhase section */

/* Begin XCBuildConfiguration section */
		508817C609F0C9740071BF1A /* Debug */ = {
			isa = XCBuildConfiguration;
			buildSettings = {
				GCC_WARN_ABOUT_RETURN_TYPE = YES;
				GCC_WARN_UNUSED_VARIABLE = YES;
				PREBINDING = NO;
				SDKROOT = "$(DEVELOPER_SDK_DIR)/MacOSX10.5.sdk";
			};
			name = Debug;
		};
		508817C709F0C9740071BF1A /* Release */ = {
			isa = XCBuildConfiguration;
			buildSettings = {
				ARCHS = (
					ppc,
					i386,
				);
				GCC_WARN_ABOUT_RETURN_TYPE = YES;
				GCC_WARN_UNUSED_VARIABLE = YES;
				PREBINDING = NO;
				SDKROOT = "$(DEVELOPER_SDK_DIR)/MacOSX10.5.sdk";
			};
			name = Release;
		};
		508817D809F0C9AE0071BF1A /* Debug */ = {
			isa = XCBuildConfiguration;
			buildSettings = {
				ARCHS = "$(ONLY_ACTIVE_ARCH_PRE_XCODE_3_1)";
				COPY_PHASE_STRIP = NO;
				DEBUG_INFORMATION_FORMAT = dwarf;
				DSTROOT = "/Users/ikeda/Library/Audio/Plug-Ins/VST/$(PROJECT_NAME).dst";
				GCC_DYNAMIC_NO_PIC = NO;
				GCC_ENABLE_FIX_AND_CONTINUE = YES;
				GCC_MODEL_TUNING = G5;
				GCC_OPTIMIZATION_LEVEL = 0;
				GCC_PRECOMPILE_PREFIX_HEADER = NO;
				GCC_PREFIX_HEADER = "";
				GCC_PREPROCESSOR_DEFINITIONS = (
					"_GLIBCXX_DEBUG=1",
					"_GLIBCXX_DEBUG_PEDANTIC=1",
				);
				GENERATE_PKGINFO_FILE = YES;
				HEADER_SEARCH_PATHS = "$(SRCROOT)";
				INFOPLIST_FILE = Info.plist;
				ONLY_ACTIVE_ARCH_PRE_XCODE_3_1 = "$(NATIVE_ARCH)";
				PRODUCT_NAME = aenv;
				SDKROOT = macosx10.6;
				SKIP_INSTALL = NO;
				STANDARD_C_PLUS_PLUS_LIBRARY_TYPE = static;
				WRAPPER_EXTENSION = vst;
				ZERO_LINK = YES;
			};
			name = Debug;
		};
		508817D909F0C9AE0071BF1A /* Release */ = {
			isa = XCBuildConfiguration;
			buildSettings = {
				ARCHS = "$(ONLY_ACTIVE_ARCH_PRE_XCODE_3_1)";
				DEBUG_INFORMATION_FORMAT = dwarf;
				DSTROOT = "/Users/ikeda/Library/Audio/Plug-Ins/VST/$(PROJECT_NAME).dst";
				GCC_MODEL_TUNING = G5;
				GCC_PRECOMPILE_PREFIX_HEADER = NO;
				GCC_PREFIX_HEADER = "";
				GENERATE_PKGINFO_FILE = YES;
				HEADER_SEARCH_PATHS = "$(SRCROOT)";
				INFOPLIST_FILE = Info.plist;
				ONLY_ACTIVE_ARCH_PRE_XCODE_3_1 = "$(NATIVE_ARCH)";
				PRODUCT_NAME = aenv;
				SDKROOT = macosx10.6;
				SKIP_INSTALL = NO;
				STANDARD_C_PLUS_PLUS_LIBRARY_TYPE = static;
				STRIP_INSTALLED_PRODUCT = YES;
				STRIP_STYLE = "non-global";
				WRAPPER_EXTENSION = vst;
			};
			name = Release;
		};
/* End XCBuildConfiguration section */

/* Begin XCConfigurationList section */
		508817C509F0C9740071BF1A /* Build configuration list for PBXProject "aenv" */ = {
			isa = XCConfigurationList;
			buildConfigurations = (
				508817C609F0C9740071BF1A /* Debug */,
				508817C709F0C9740071BF1A /* Release */,
			);
			defaultConfigurationIsVisible = 0;
			defaultConfigurationName = Release;
		};
		508817D709F0C9AE0071BF1A /* Build configuration list for PBXNativeTarget "aenv" */ = {
			isa = XCConfigurationList;
			buildConfigurations = (
				508817D809F0C9AE0071BF1A /* Debug */,
				508817D909F0C9AE0071BF1A /* Release */,
			);
			defaultConfigurationIsVisible = 0;
			defaultConfigurationName = Release;
		};
/* End XCConfigurationList section */
	};
	rootObject = 508817C409F0C9740071BF1A /* Project object */;
}
